// !$*UTF8*$!
{
	archiveVersion = 1;
	classes = {
	};
	objectVersion = 56;
	objects = {

/* Begin PBXBuildFile section */
		3B12268E2B719A8000466FDF /* PokedexViewModel.swift in Sources */ = {isa = PBXBuildFile; fileRef = 3B12268D2B719A8000466FDF /* PokedexViewModel.swift */; };
		3B1226922B719AD100466FDF /* Pokemon.swift in Sources */ = {isa = PBXBuildFile; fileRef = 3B1226912B719AD100466FDF /* Pokemon.swift */; };
		3B1226942B719AE700466FDF /* PokemonListType.swift in Sources */ = {isa = PBXBuildFile; fileRef = 3B1226932B719AE700466FDF /* PokemonListType.swift */; };
		3B1226972B719C1E00466FDF /* Environment+Extension.swift in Sources */ = {isa = PBXBuildFile; fileRef = 3B1226962B719C1E00466FDF /* Environment+Extension.swift */; };
		3B1226992B71DA3100466FDF /* PokemonListItem.swift in Sources */ = {isa = PBXBuildFile; fileRef = 3B1226982B71DA3100466FDF /* PokemonListItem.swift */; };
		3B12269C2B71DEE800466FDF /* NetworkService.swift in Sources */ = {isa = PBXBuildFile; fileRef = 3B12269B2B71DEE800466FDF /* NetworkService.swift */; };
		3B12269F2B71DF3600466FDF /* PokemonListResponse.swift in Sources */ = {isa = PBXBuildFile; fileRef = 3B12269E2B71DF3600466FDF /* PokemonListResponse.swift */; };
		3B1226A12B71DF4A00466FDF /* PokemonInfoResponse.swift in Sources */ = {isa = PBXBuildFile; fileRef = 3B1226A02B71DF4A00466FDF /* PokemonInfoResponse.swift */; };
		3B1226A32B7225A400466FDF /* PokemonInfoModel.swift in Sources */ = {isa = PBXBuildFile; fileRef = 3B1226A22B7225A400466FDF /* PokemonInfoModel.swift */; };
		3B1226A62B722AA400466FDF /* PokemonDetailsView.swift in Sources */ = {isa = PBXBuildFile; fileRef = 3B1226A52B722AA400466FDF /* PokemonDetailsView.swift */; };
		3B1C8BA32B6EF7E700890762 /* PokedexApp.swift in Sources */ = {isa = PBXBuildFile; fileRef = 3B1C8BA22B6EF7E700890762 /* PokedexApp.swift */; };
		3B1C8BA52B6EF7E700890762 /* Persistence.swift in Sources */ = {isa = PBXBuildFile; fileRef = 3B1C8BA42B6EF7E700890762 /* Persistence.swift */; };
		3B1C8BA82B6EF7E700890762 /* Pokedex.xcdatamodeld in Sources */ = {isa = PBXBuildFile; fileRef = 3B1C8BA62B6EF7E700890762 /* Pokedex.xcdatamodeld */; };
		3B1C8BAA2B6EF7E700890762 /* MainView.swift in Sources */ = {isa = PBXBuildFile; fileRef = 3B1C8BA92B6EF7E700890762 /* MainView.swift */; };
		3B1C8BAC2B6EF7E900890762 /* Assets.xcassets in Resources */ = {isa = PBXBuildFile; fileRef = 3B1C8BAB2B6EF7E900890762 /* Assets.xcassets */; };
		3B1C8BB02B6EF7E900890762 /* Preview Assets.xcassets in Resources */ = {isa = PBXBuildFile; fileRef = 3B1C8BAF2B6EF7E900890762 /* Preview Assets.xcassets */; };
		3B1C8BBA2B6EF7E900890762 /* PokedexTests.swift in Sources */ = {isa = PBXBuildFile; fileRef = 3B1C8BB92B6EF7E900890762 /* PokedexTests.swift */; };
		3B1C8BC42B6EF7E900890762 /* PokedexUITests.swift in Sources */ = {isa = PBXBuildFile; fileRef = 3B1C8BC32B6EF7E900890762 /* PokedexUITests.swift */; };
		3B1C8BC62B6EF7E900890762 /* PokedexUITestsLaunchTests.swift in Sources */ = {isa = PBXBuildFile; fileRef = 3B1C8BC52B6EF7E900890762 /* PokedexUITestsLaunchTests.swift */; };
		3B2BF9602B73CBD6002A8314 /* README.md in Resources */ = {isa = PBXBuildFile; fileRef = 3B2BF95F2B73CBD6002A8314 /* README.md */; };
		3B3010AC2B72DCE900C0E0D5 /* PokemonListView.swift in Sources */ = {isa = PBXBuildFile; fileRef = 3B3010AB2B72DCE900C0E0D5 /* PokemonListView.swift */; };
/* End PBXBuildFile section */

/* Begin PBXContainerItemProxy section */
		3B1C8BB62B6EF7E900890762 /* PBXContainerItemProxy */ = {
			isa = PBXContainerItemProxy;
			containerPortal = 3B1C8B972B6EF7E700890762 /* Project object */;
			proxyType = 1;
			remoteGlobalIDString = 3B1C8B9E2B6EF7E700890762;
			remoteInfo = Pokedex;
		};
		3B1C8BC02B6EF7E900890762 /* PBXContainerItemProxy */ = {
			isa = PBXContainerItemProxy;
			containerPortal = 3B1C8B972B6EF7E700890762 /* Project object */;
			proxyType = 1;
			remoteGlobalIDString = 3B1C8B9E2B6EF7E700890762;
			remoteInfo = Pokedex;
		};
/* End PBXContainerItemProxy section */

/* Begin PBXFileReference section */
		3B12268D2B719A8000466FDF /* PokedexViewModel.swift */ = {isa = PBXFileReference; lastKnownFileType = sourcecode.swift; path = PokedexViewModel.swift; sourceTree = "<group>"; };
		3B1226912B719AD100466FDF /* Pokemon.swift */ = {isa = PBXFileReference; lastKnownFileType = sourcecode.swift; path = Pokemon.swift; sourceTree = "<group>"; };
		3B1226932B719AE700466FDF /* PokemonListType.swift */ = {isa = PBXFileReference; lastKnownFileType = sourcecode.swift; path = PokemonListType.swift; sourceTree = "<group>"; };
		3B1226962B719C1E00466FDF /* Environment+Extension.swift */ = {isa = PBXFileReference; lastKnownFileType = sourcecode.swift; path = "Environment+Extension.swift"; sourceTree = "<group>"; };
		3B1226982B71DA3100466FDF /* PokemonListItem.swift */ = {isa = PBXFileReference; lastKnownFileType = sourcecode.swift; path = PokemonListItem.swift; sourceTree = "<group>"; };
		3B12269B2B71DEE800466FDF /* NetworkService.swift */ = {isa = PBXFileReference; lastKnownFileType = sourcecode.swift; path = NetworkService.swift; sourceTree = "<group>"; };
		3B12269E2B71DF3600466FDF /* PokemonListResponse.swift */ = {isa = PBXFileReference; lastKnownFileType = sourcecode.swift; path = PokemonListResponse.swift; sourceTree = "<group>"; };
		3B1226A02B71DF4A00466FDF /* PokemonInfoResponse.swift */ = {isa = PBXFileReference; lastKnownFileType = sourcecode.swift; path = PokemonInfoResponse.swift; sourceTree = "<group>"; };
		3B1226A22B7225A400466FDF /* PokemonInfoModel.swift */ = {isa = PBXFileReference; lastKnownFileType = sourcecode.swift; path = PokemonInfoModel.swift; sourceTree = "<group>"; };
		3B1226A52B722AA400466FDF /* PokemonDetailsView.swift */ = {isa = PBXFileReference; lastKnownFileType = sourcecode.swift; path = PokemonDetailsView.swift; sourceTree = "<group>"; };
		3B1C8B9F2B6EF7E700890762 /* Pokedex.app */ = {isa = PBXFileReference; explicitFileType = wrapper.application; includeInIndex = 0; path = Pokedex.app; sourceTree = BUILT_PRODUCTS_DIR; };
		3B1C8BA22B6EF7E700890762 /* PokedexApp.swift */ = {isa = PBXFileReference; lastKnownFileType = sourcecode.swift; path = PokedexApp.swift; sourceTree = "<group>"; };
		3B1C8BA42B6EF7E700890762 /* Persistence.swift */ = {isa = PBXFileReference; lastKnownFileType = sourcecode.swift; path = Persistence.swift; sourceTree = "<group>"; };
		3B1C8BA72B6EF7E700890762 /* Pokedex.xcdatamodel */ = {isa = PBXFileReference; lastKnownFileType = wrapper.xcdatamodel; path = Pokedex.xcdatamodel; sourceTree = "<group>"; };
		3B1C8BA92B6EF7E700890762 /* MainView.swift */ = {isa = PBXFileReference; lastKnownFileType = sourcecode.swift; path = MainView.swift; sourceTree = "<group>"; };
		3B1C8BAB2B6EF7E900890762 /* Assets.xcassets */ = {isa = PBXFileReference; lastKnownFileType = folder.assetcatalog; path = Assets.xcassets; sourceTree = "<group>"; };
		3B1C8BAD2B6EF7E900890762 /* Pokedex.entitlements */ = {isa = PBXFileReference; lastKnownFileType = text.plist.entitlements; path = Pokedex.entitlements; sourceTree = "<group>"; };
		3B1C8BAF2B6EF7E900890762 /* Preview Assets.xcassets */ = {isa = PBXFileReference; lastKnownFileType = folder.assetcatalog; path = "Preview Assets.xcassets"; sourceTree = "<group>"; };
		3B1C8BB52B6EF7E900890762 /* PokedexTests.xctest */ = {isa = PBXFileReference; explicitFileType = wrapper.cfbundle; includeInIndex = 0; path = PokedexTests.xctest; sourceTree = BUILT_PRODUCTS_DIR; };
		3B1C8BB92B6EF7E900890762 /* PokedexTests.swift */ = {isa = PBXFileReference; lastKnownFileType = sourcecode.swift; path = PokedexTests.swift; sourceTree = "<group>"; };
		3B1C8BBF2B6EF7E900890762 /* PokedexUITests.xctest */ = {isa = PBXFileReference; explicitFileType = wrapper.cfbundle; includeInIndex = 0; path = PokedexUITests.xctest; sourceTree = BUILT_PRODUCTS_DIR; };
		3B1C8BC32B6EF7E900890762 /* PokedexUITests.swift */ = {isa = PBXFileReference; lastKnownFileType = sourcecode.swift; path = PokedexUITests.swift; sourceTree = "<group>"; };
		3B1C8BC52B6EF7E900890762 /* PokedexUITestsLaunchTests.swift */ = {isa = PBXFileReference; lastKnownFileType = sourcecode.swift; path = PokedexUITestsLaunchTests.swift; sourceTree = "<group>"; };
		3B2BF95F2B73CBD6002A8314 /* README.md */ = {isa = PBXFileReference; fileEncoding = 4; lastKnownFileType = net.daringfireball.markdown; path = README.md; sourceTree = SOURCE_ROOT; };
		3B3010AB2B72DCE900C0E0D5 /* PokemonListView.swift */ = {isa = PBXFileReference; lastKnownFileType = sourcecode.swift; path = PokemonListView.swift; sourceTree = "<group>"; };
/* End PBXFileReference section */

/* Begin PBXFrameworksBuildPhase section */
		3B1C8B9C2B6EF7E700890762 /* Frameworks */ = {
			isa = PBXFrameworksBuildPhase;
			buildActionMask = 2147483647;
			files = (
			);
			runOnlyForDeploymentPostprocessing = 0;
		};
		3B1C8BB22B6EF7E900890762 /* Frameworks */ = {
			isa = PBXFrameworksBuildPhase;
			buildActionMask = 2147483647;
			files = (
			);
			runOnlyForDeploymentPostprocessing = 0;
		};
		3B1C8BBC2B6EF7E900890762 /* Frameworks */ = {
			isa = PBXFrameworksBuildPhase;
			buildActionMask = 2147483647;
			files = (
			);
			runOnlyForDeploymentPostprocessing = 0;
		};
/* End PBXFrameworksBuildPhase section */

/* Begin PBXGroup section */
		3B12268C2B719A7500466FDF /* ViewModels */ = {
			isa = PBXGroup;
			children = (
				3B12268D2B719A8000466FDF /* PokedexViewModel.swift */,
			);
			path = ViewModels;
			sourceTree = "<group>";
		};
		3B1226902B719AC600466FDF /* Models */ = {
			isa = PBXGroup;
			children = (
				3B1226912B719AD100466FDF /* Pokemon.swift */,
				3B1226932B719AE700466FDF /* PokemonListType.swift */,
				3B1226982B71DA3100466FDF /* PokemonListItem.swift */,
				3B1226A22B7225A400466FDF /* PokemonInfoModel.swift */,
			);
			path = Models;
			sourceTree = "<group>";
		};
		3B1226952B719C0B00466FDF /* Utilities */ = {
			isa = PBXGroup;
			children = (
				3B1226962B719C1E00466FDF /* Environment+Extension.swift */,
			);
			path = Utilities;
			sourceTree = "<group>";
		};
		3B12269A2B71DEE200466FDF /* Networking */ = {
			isa = PBXGroup;
			children = (
				3B12269D2B71DEF700466FDF /* Responses */,
				3B12269B2B71DEE800466FDF /* NetworkService.swift */,
			);
			path = Networking;
			sourceTree = "<group>";
		};
		3B12269D2B71DEF700466FDF /* Responses */ = {
			isa = PBXGroup;
			children = (
				3B12269E2B71DF3600466FDF /* PokemonListResponse.swift */,
				3B1226A02B71DF4A00466FDF /* PokemonInfoResponse.swift */,
			);
			path = Responses;
			sourceTree = "<group>";
		};
		3B1226A42B722A9300466FDF /* Views */ = {
			isa = PBXGroup;
			children = (
				3B1226A52B722AA400466FDF /* PokemonDetailsView.swift */,
				3B3010AB2B72DCE900C0E0D5 /* PokemonListView.swift */,
				3B1C8BA92B6EF7E700890762 /* MainView.swift */,
			);
			path = Views;
			sourceTree = "<group>";
		};
		3B1C8B962B6EF7E700890762 = {
			isa = PBXGroup;
			children = (
				3B1C8BA12B6EF7E700890762 /* Pokedex */,
				3B1C8BB82B6EF7E900890762 /* PokedexTests */,
				3B1C8BC22B6EF7E900890762 /* PokedexUITests */,
				3B1C8BA02B6EF7E700890762 /* Products */,
			);
			sourceTree = "<group>";
		};
		3B1C8BA02B6EF7E700890762 /* Products */ = {
			isa = PBXGroup;
			children = (
				3B1C8B9F2B6EF7E700890762 /* Pokedex.app */,
				3B1C8BB52B6EF7E900890762 /* PokedexTests.xctest */,
				3B1C8BBF2B6EF7E900890762 /* PokedexUITests.xctest */,
			);
			name = Products;
			sourceTree = "<group>";
		};
		3B1C8BA12B6EF7E700890762 /* Pokedex */ = {
			isa = PBXGroup;
			children = (
				3B2BF95F2B73CBD6002A8314 /* README.md */,
				3B1226A42B722A9300466FDF /* Views */,
				3B12268C2B719A7500466FDF /* ViewModels */,
				3B12269A2B71DEE200466FDF /* Networking */,
				3B1226952B719C0B00466FDF /* Utilities */,
				3B1226902B719AC600466FDF /* Models */,
				3B1C8BA22B6EF7E700890762 /* PokedexApp.swift */,
				3B1C8BA42B6EF7E700890762 /* Persistence.swift */,
				3B1C8BAB2B6EF7E900890762 /* Assets.xcassets */,
				3B1C8BAD2B6EF7E900890762 /* Pokedex.entitlements */,
				3B1C8BA62B6EF7E700890762 /* Pokedex.xcdatamodeld */,
				3B1C8BAE2B6EF7E900890762 /* Preview Content */,
			);
			path = Pokedex;
			sourceTree = "<group>";
		};
		3B1C8BAE2B6EF7E900890762 /* Preview Content */ = {
			isa = PBXGroup;
			children = (
				3B1C8BAF2B6EF7E900890762 /* Preview Assets.xcassets */,
			);
			path = "Preview Content";
			sourceTree = "<group>";
		};
		3B1C8BB82B6EF7E900890762 /* PokedexTests */ = {
			isa = PBXGroup;
			children = (
				3B1C8BB92B6EF7E900890762 /* PokedexTests.swift */,
			);
			path = PokedexTests;
			sourceTree = "<group>";
		};
		3B1C8BC22B6EF7E900890762 /* PokedexUITests */ = {
			isa = PBXGroup;
			children = (
				3B1C8BC32B6EF7E900890762 /* PokedexUITests.swift */,
				3B1C8BC52B6EF7E900890762 /* PokedexUITestsLaunchTests.swift */,
			);
			path = PokedexUITests;
			sourceTree = "<group>";
		};
/* End PBXGroup section */

/* Begin PBXNativeTarget section */
		3B1C8B9E2B6EF7E700890762 /* Pokedex */ = {
			isa = PBXNativeTarget;
			buildConfigurationList = 3B1C8BC92B6EF7E900890762 /* Build configuration list for PBXNativeTarget "Pokedex" */;
			buildPhases = (
				3B1C8B9B2B6EF7E700890762 /* Sources */,
				3B1C8B9C2B6EF7E700890762 /* Frameworks */,
				3B1C8B9D2B6EF7E700890762 /* Resources */,
			);
			buildRules = (
			);
			dependencies = (
			);
			name = Pokedex;
			productName = Pokedex;
			productReference = 3B1C8B9F2B6EF7E700890762 /* Pokedex.app */;
			productType = "com.apple.product-type.application";
		};
		3B1C8BB42B6EF7E900890762 /* PokedexTests */ = {
			isa = PBXNativeTarget;
			buildConfigurationList = 3B1C8BCC2B6EF7E900890762 /* Build configuration list for PBXNativeTarget "PokedexTests" */;
			buildPhases = (
				3B1C8BB12B6EF7E900890762 /* Sources */,
				3B1C8BB22B6EF7E900890762 /* Frameworks */,
				3B1C8BB32B6EF7E900890762 /* Resources */,
			);
			buildRules = (
			);
			dependencies = (
				3B1C8BB72B6EF7E900890762 /* PBXTargetDependency */,
			);
			name = PokedexTests;
			productName = PokedexTests;
			productReference = 3B1C8BB52B6EF7E900890762 /* PokedexTests.xctest */;
			productType = "com.apple.product-type.bundle.unit-test";
		};
		3B1C8BBE2B6EF7E900890762 /* PokedexUITests */ = {
			isa = PBXNativeTarget;
			buildConfigurationList = 3B1C8BCF2B6EF7E900890762 /* Build configuration list for PBXNativeTarget "PokedexUITests" */;
			buildPhases = (
				3B1C8BBB2B6EF7E900890762 /* Sources */,
				3B1C8BBC2B6EF7E900890762 /* Frameworks */,
				3B1C8BBD2B6EF7E900890762 /* Resources */,
			);
			buildRules = (
			);
			dependencies = (
				3B1C8BC12B6EF7E900890762 /* PBXTargetDependency */,
			);
			name = PokedexUITests;
			productName = PokedexUITests;
			productReference = 3B1C8BBF2B6EF7E900890762 /* PokedexUITests.xctest */;
			productType = "com.apple.product-type.bundle.ui-testing";
		};
/* End PBXNativeTarget section */

/* Begin PBXProject section */
		3B1C8B972B6EF7E700890762 /* Project object */ = {
			isa = PBXProject;
			attributes = {
				BuildIndependentTargetsInParallel = 1;
				LastSwiftUpdateCheck = 1520;
				LastUpgradeCheck = 1520;
				TargetAttributes = {
					3B1C8B9E2B6EF7E700890762 = {
						CreatedOnToolsVersion = 15.2;
					};
					3B1C8BB42B6EF7E900890762 = {
						CreatedOnToolsVersion = 15.2;
						TestTargetID = 3B1C8B9E2B6EF7E700890762;
					};
					3B1C8BBE2B6EF7E900890762 = {
						CreatedOnToolsVersion = 15.2;
						TestTargetID = 3B1C8B9E2B6EF7E700890762;
					};
				};
			};
			buildConfigurationList = 3B1C8B9A2B6EF7E700890762 /* Build configuration list for PBXProject "Pokedex" */;
			compatibilityVersion = "Xcode 14.0";
			developmentRegion = en;
			hasScannedForEncodings = 0;
			knownRegions = (
				en,
				Base,
			);
			mainGroup = 3B1C8B962B6EF7E700890762;
			productRefGroup = 3B1C8BA02B6EF7E700890762 /* Products */;
			projectDirPath = "";
			projectRoot = "";
			targets = (
				3B1C8B9E2B6EF7E700890762 /* Pokedex */,
				3B1C8BB42B6EF7E900890762 /* PokedexTests */,
				3B1C8BBE2B6EF7E900890762 /* PokedexUITests */,
			);
		};
/* End PBXProject section */

/* Begin PBXResourcesBuildPhase section */
		3B1C8B9D2B6EF7E700890762 /* Resources */ = {
			isa = PBXResourcesBuildPhase;
			buildActionMask = 2147483647;
			files = (
				3B2BF9602B73CBD6002A8314 /* README.md in Resources */,
				3B1C8BB02B6EF7E900890762 /* Preview Assets.xcassets in Resources */,
				3B1C8BAC2B6EF7E900890762 /* Assets.xcassets in Resources */,
			);
			runOnlyForDeploymentPostprocessing = 0;
		};
		3B1C8BB32B6EF7E900890762 /* Resources */ = {
			isa = PBXResourcesBuildPhase;
			buildActionMask = 2147483647;
			files = (
			);
			runOnlyForDeploymentPostprocessing = 0;
		};
		3B1C8BBD2B6EF7E900890762 /* Resources */ = {
			isa = PBXResourcesBuildPhase;
			buildActionMask = 2147483647;
			files = (
			);
			runOnlyForDeploymentPostprocessing = 0;
		};
/* End PBXResourcesBuildPhase section */

/* Begin PBXSourcesBuildPhase section */
		3B1C8B9B2B6EF7E700890762 /* Sources */ = {
			isa = PBXSourcesBuildPhase;
			buildActionMask = 2147483647;
			files = (
				3B12269C2B71DEE800466FDF /* NetworkService.swift in Sources */,
				3B1226992B71DA3100466FDF /* PokemonListItem.swift in Sources */,
				3B1C8BA32B6EF7E700890762 /* PokedexApp.swift in Sources */,
				3B1C8BA82B6EF7E700890762 /* Pokedex.xcdatamodeld in Sources */,
				3B1C8BAA2B6EF7E700890762 /* MainView.swift in Sources */,
				3B1226972B719C1E00466FDF /* Environment+Extension.swift in Sources */,
				3B1226A32B7225A400466FDF /* PokemonInfoModel.swift in Sources */,
				3B12268E2B719A8000466FDF /* PokedexViewModel.swift in Sources */,
				3B1C8BA52B6EF7E700890762 /* Persistence.swift in Sources */,
				3B1226A12B71DF4A00466FDF /* PokemonInfoResponse.swift in Sources */,
				3B3010AC2B72DCE900C0E0D5 /* PokemonListView.swift in Sources */,
				3B1226922B719AD100466FDF /* Pokemon.swift in Sources */,
				3B12269F2B71DF3600466FDF /* PokemonListResponse.swift in Sources */,
				3B1226A62B722AA400466FDF /* PokemonDetailsView.swift in Sources */,
				3B1226942B719AE700466FDF /* PokemonListType.swift in Sources */,
			);
			runOnlyForDeploymentPostprocessing = 0;
		};
		3B1C8BB12B6EF7E900890762 /* Sources */ = {
			isa = PBXSourcesBuildPhase;
			buildActionMask = 2147483647;
			files = (
				3B1C8BBA2B6EF7E900890762 /* PokedexTests.swift in Sources */,
			);
			runOnlyForDeploymentPostprocessing = 0;
		};
		3B1C8BBB2B6EF7E900890762 /* Sources */ = {
			isa = PBXSourcesBuildPhase;
			buildActionMask = 2147483647;
			files = (
				3B1C8BC42B6EF7E900890762 /* PokedexUITests.swift in Sources */,
				3B1C8BC62B6EF7E900890762 /* PokedexUITestsLaunchTests.swift in Sources */,
			);
			runOnlyForDeploymentPostprocessing = 0;
		};
/* End PBXSourcesBuildPhase section */

/* Begin PBXTargetDependency section */
		3B1C8BB72B6EF7E900890762 /* PBXTargetDependency */ = {
			isa = PBXTargetDependency;
			target = 3B1C8B9E2B6EF7E700890762 /* Pokedex */;
			targetProxy = 3B1C8BB62B6EF7E900890762 /* PBXContainerItemProxy */;
		};
		3B1C8BC12B6EF7E900890762 /* PBXTargetDependency */ = {
			isa = PBXTargetDependency;
			target = 3B1C8B9E2B6EF7E700890762 /* Pokedex */;
			targetProxy = 3B1C8BC02B6EF7E900890762 /* PBXContainerItemProxy */;
		};
/* End PBXTargetDependency section */

/* Begin XCBuildConfiguration section */
		3B1C8BC72B6EF7E900890762 /* Debug */ = {
			isa = XCBuildConfiguration;
			buildSettings = {
				ALWAYS_SEARCH_USER_PATHS = NO;
				ASSETCATALOG_COMPILER_GENERATE_SWIFT_ASSET_SYMBOL_EXTENSIONS = YES;
				CLANG_ANALYZER_NONNULL = YES;
				CLANG_ANALYZER_NUMBER_OBJECT_CONVERSION = YES_AGGRESSIVE;
				CLANG_CXX_LANGUAGE_STANDARD = "gnu++20";
				CLANG_ENABLE_MODULES = YES;
				CLANG_ENABLE_OBJC_ARC = YES;
				CLANG_ENABLE_OBJC_WEAK = YES;
				CLANG_WARN_BLOCK_CAPTURE_AUTORELEASING = YES;
				CLANG_WARN_BOOL_CONVERSION = YES;
				CLANG_WARN_COMMA = YES;
				CLANG_WARN_CONSTANT_CONVERSION = YES;
				CLANG_WARN_DEPRECATED_OBJC_IMPLEMENTATIONS = YES;
				CLANG_WARN_DIRECT_OBJC_ISA_USAGE = YES_ERROR;
				CLANG_WARN_DOCUMENTATION_COMMENTS = YES;
				CLANG_WARN_EMPTY_BODY = YES;
				CLANG_WARN_ENUM_CONVERSION = YES;
				CLANG_WARN_INFINITE_RECURSION = YES;
				CLANG_WARN_INT_CONVERSION = YES;
				CLANG_WARN_NON_LITERAL_NULL_CONVERSION = YES;
				CLANG_WARN_OBJC_IMPLICIT_RETAIN_SELF = YES;
				CLANG_WARN_OBJC_LITERAL_CONVERSION = YES;
				CLANG_WARN_OBJC_ROOT_CLASS = YES_ERROR;
				CLANG_WARN_QUOTED_INCLUDE_IN_FRAMEWORK_HEADER = YES;
				CLANG_WARN_RANGE_LOOP_ANALYSIS = YES;
				CLANG_WARN_STRICT_PROTOTYPES = YES;
				CLANG_WARN_SUSPICIOUS_MOVE = YES;
				CLANG_WARN_UNGUARDED_AVAILABILITY = YES_AGGRESSIVE;
				CLANG_WARN_UNREACHABLE_CODE = YES;
				CLANG_WARN__DUPLICATE_METHOD_MATCH = YES;
				COPY_PHASE_STRIP = NO;
				DEBUG_INFORMATION_FORMAT = dwarf;
				ENABLE_STRICT_OBJC_MSGSEND = YES;
				ENABLE_TESTABILITY = YES;
				ENABLE_USER_SCRIPT_SANDBOXING = YES;
				GCC_C_LANGUAGE_STANDARD = gnu17;
				GCC_DYNAMIC_NO_PIC = NO;
				GCC_NO_COMMON_BLOCKS = YES;
				GCC_OPTIMIZATION_LEVEL = 0;
				GCC_PREPROCESSOR_DEFINITIONS = (
					"DEBUG=1",
					"$(inherited)",
				);
				GCC_WARN_64_TO_32_BIT_CONVERSION = YES;
				GCC_WARN_ABOUT_RETURN_TYPE = YES_ERROR;
				GCC_WARN_UNDECLARED_SELECTOR = YES;
				GCC_WARN_UNINITIALIZED_AUTOS = YES_AGGRESSIVE;
				GCC_WARN_UNUSED_FUNCTION = YES;
				GCC_WARN_UNUSED_VARIABLE = YES;
				LOCALIZATION_PREFERS_STRING_CATALOGS = YES;
				MTL_ENABLE_DEBUG_INFO = INCLUDE_SOURCE;
				MTL_FAST_MATH = YES;
				ONLY_ACTIVE_ARCH = YES;
				SWIFT_ACTIVE_COMPILATION_CONDITIONS = "DEBUG $(inherited)";
				SWIFT_OPTIMIZATION_LEVEL = "-Onone";
			};
			name = Debug;
		};
		3B1C8BC82B6EF7E900890762 /* Release */ = {
			isa = XCBuildConfiguration;
			buildSettings = {
				ALWAYS_SEARCH_USER_PATHS = NO;
				ASSETCATALOG_COMPILER_GENERATE_SWIFT_ASSET_SYMBOL_EXTENSIONS = YES;
				CLANG_ANALYZER_NONNULL = YES;
				CLANG_ANALYZER_NUMBER_OBJECT_CONVERSION = YES_AGGRESSIVE;
				CLANG_CXX_LANGUAGE_STANDARD = "gnu++20";
				CLANG_ENABLE_MODULES = YES;
				CLANG_ENABLE_OBJC_ARC = YES;
				CLANG_ENABLE_OBJC_WEAK = YES;
				CLANG_WARN_BLOCK_CAPTURE_AUTORELEASING = YES;
				CLANG_WARN_BOOL_CONVERSION = YES;
				CLANG_WARN_COMMA = YES;
				CLANG_WARN_CONSTANT_CONVERSION = YES;
				CLANG_WARN_DEPRECATED_OBJC_IMPLEMENTATIONS = YES;
				CLANG_WARN_DIRECT_OBJC_ISA_USAGE = YES_ERROR;
				CLANG_WARN_DOCUMENTATION_COMMENTS = YES;
				CLANG_WARN_EMPTY_BODY = YES;
				CLANG_WARN_ENUM_CONVERSION = YES;
				CLANG_WARN_INFINITE_RECURSION = YES;
				CLANG_WARN_INT_CONVERSION = YES;
				CLANG_WARN_NON_LITERAL_NULL_CONVERSION = YES;
				CLANG_WARN_OBJC_IMPLICIT_RETAIN_SELF = YES;
				CLANG_WARN_OBJC_LITERAL_CONVERSION = YES;
				CLANG_WARN_OBJC_ROOT_CLASS = YES_ERROR;
				CLANG_WARN_QUOTED_INCLUDE_IN_FRAMEWORK_HEADER = YES;
				CLANG_WARN_RANGE_LOOP_ANALYSIS = YES;
				CLANG_WARN_STRICT_PROTOTYPES = YES;
				CLANG_WARN_SUSPICIOUS_MOVE = YES;
				CLANG_WARN_UNGUARDED_AVAILABILITY = YES_AGGRESSIVE;
				CLANG_WARN_UNREACHABLE_CODE = YES;
				CLANG_WARN__DUPLICATE_METHOD_MATCH = YES;
				COPY_PHASE_STRIP = NO;
				DEBUG_INFORMATION_FORMAT = "dwarf-with-dsym";
				ENABLE_NS_ASSERTIONS = NO;
				ENABLE_STRICT_OBJC_MSGSEND = YES;
				ENABLE_USER_SCRIPT_SANDBOXING = YES;
				GCC_C_LANGUAGE_STANDARD = gnu17;
				GCC_NO_COMMON_BLOCKS = YES;
				GCC_WARN_64_TO_32_BIT_CONVERSION = YES;
				GCC_WARN_ABOUT_RETURN_TYPE = YES_ERROR;
				GCC_WARN_UNDECLARED_SELECTOR = YES;
				GCC_WARN_UNINITIALIZED_AUTOS = YES_AGGRESSIVE;
				GCC_WARN_UNUSED_FUNCTION = YES;
				GCC_WARN_UNUSED_VARIABLE = YES;
				LOCALIZATION_PREFERS_STRING_CATALOGS = YES;
				MTL_ENABLE_DEBUG_INFO = NO;
				MTL_FAST_MATH = YES;
				SWIFT_COMPILATION_MODE = wholemodule;
			};
			name = Release;
		};
		3B1C8BCA2B6EF7E900890762 /* Debug */ = {
			isa = XCBuildConfiguration;
			buildSettings = {
				ASSETCATALOG_COMPILER_APPICON_NAME = AppIcon;
				ASSETCATALOG_COMPILER_GLOBAL_ACCENT_COLOR_NAME = AccentColor;
				CODE_SIGN_ENTITLEMENTS = Pokedex/Pokedex.entitlements;
				CODE_SIGN_STYLE = Automatic;
				CURRENT_PROJECT_VERSION = 1;
				DEVELOPMENT_ASSET_PATHS = "\"Pokedex/Preview Content\"";
				DEVELOPMENT_TEAM = CNKGXNUW6K;
				ENABLE_HARDENED_RUNTIME = YES;
				ENABLE_PREVIEWS = YES;
				GENERATE_INFOPLIST_FILE = YES;
				"INFOPLIST_KEY_UIApplicationSceneManifest_Generation[sdk=iphoneos*]" = YES;
				"INFOPLIST_KEY_UIApplicationSceneManifest_Generation[sdk=iphonesimulator*]" = YES;
				"INFOPLIST_KEY_UIApplicationSupportsIndirectInputEvents[sdk=iphoneos*]" = YES;
				"INFOPLIST_KEY_UIApplicationSupportsIndirectInputEvents[sdk=iphonesimulator*]" = YES;
				"INFOPLIST_KEY_UILaunchScreen_Generation[sdk=iphoneos*]" = YES;
				"INFOPLIST_KEY_UILaunchScreen_Generation[sdk=iphonesimulator*]" = YES;
				"INFOPLIST_KEY_UIStatusBarStyle[sdk=iphoneos*]" = UIStatusBarStyleDefault;
				"INFOPLIST_KEY_UIStatusBarStyle[sdk=iphonesimulator*]" = UIStatusBarStyleDefault;
				INFOPLIST_KEY_UISupportedInterfaceOrientations_iPad = "UIInterfaceOrientationPortrait UIInterfaceOrientationPortraitUpsideDown UIInterfaceOrientationLandscapeLeft UIInterfaceOrientationLandscapeRight";
				INFOPLIST_KEY_UISupportedInterfaceOrientations_iPhone = "UIInterfaceOrientationPortrait UIInterfaceOrientationLandscapeLeft UIInterfaceOrientationLandscapeRight";
				IPHONEOS_DEPLOYMENT_TARGET = 17.2;
				LD_RUNPATH_SEARCH_PATHS = "@executable_path/Frameworks";
				"LD_RUNPATH_SEARCH_PATHS[sdk=macosx*]" = "@executable_path/../Frameworks";
				MACOSX_DEPLOYMENT_TARGET = 14.2;
				MARKETING_VERSION = 1.0;
				PRODUCT_BUNDLE_IDENTIFIER = com.dssystems.app.Pokedex;
				PRODUCT_NAME = "$(TARGET_NAME)";
				SDKROOT = auto;
				SUPPORTED_PLATFORMS = "iphoneos iphonesimulator macosx xros xrsimulator";
				SUPPORTS_MACCATALYST = NO;
				SWIFT_EMIT_LOC_STRINGS = YES;
				SWIFT_VERSION = 5.0;
				TARGETED_DEVICE_FAMILY = "1,2,7";
			};
			name = Debug;
		};
		3B1C8BCB2B6EF7E900890762 /* Release */ = {
			isa = XCBuildConfiguration;
			buildSettings = {
				ASSETCATALOG_COMPILER_APPICON_NAME = AppIcon;
				ASSETCATALOG_COMPILER_GLOBAL_ACCENT_COLOR_NAME = AccentColor;
				CODE_SIGN_ENTITLEMENTS = Pokedex/Pokedex.entitlements;
				CODE_SIGN_STYLE = Automatic;
				CURRENT_PROJECT_VERSION = 1;
				DEVELOPMENT_ASSET_PATHS = "\"Pokedex/Preview Content\"";
				DEVELOPMENT_TEAM = CNKGXNUW6K;
				ENABLE_HARDENED_RUNTIME = YES;
				ENABLE_PREVIEWS = YES;
				GENERATE_INFOPLIST_FILE = YES;
				"INFOPLIST_KEY_UIApplicationSceneManifest_Generation[sdk=iphoneos*]" = YES;
				"INFOPLIST_KEY_UIApplicationSceneManifest_Generation[sdk=iphonesimulator*]" = YES;
				"INFOPLIST_KEY_UIApplicationSupportsIndirectInputEvents[sdk=iphoneos*]" = YES;
				"INFOPLIST_KEY_UIApplicationSupportsIndirectInputEvents[sdk=iphonesimulator*]" = YES;
				"INFOPLIST_KEY_UILaunchScreen_Generation[sdk=iphoneos*]" = YES;
				"INFOPLIST_KEY_UILaunchScreen_Generation[sdk=iphonesimulator*]" = YES;
				"INFOPLIST_KEY_UIStatusBarStyle[sdk=iphoneos*]" = UIStatusBarStyleDefault;
				"INFOPLIST_KEY_UIStatusBarStyle[sdk=iphonesimulator*]" = UIStatusBarStyleDefault;
				INFOPLIST_KEY_UISupportedInterfaceOrientations_iPad = "UIInterfaceOrientationPortrait UIInterfaceOrientationPortraitUpsideDown UIInterfaceOrientationLandscapeLeft UIInterfaceOrientationLandscapeRight";
				INFOPLIST_KEY_UISupportedInterfaceOrientations_iPhone = "UIInterfaceOrientationPortrait UIInterfaceOrientationLandscapeLeft UIInterfaceOrientationLandscapeRight";
				IPHONEOS_DEPLOYMENT_TARGET = 17.2;
				LD_RUNPATH_SEARCH_PATHS = "@executable_path/Frameworks";
				"LD_RUNPATH_SEARCH_PATHS[sdk=macosx*]" = "@executable_path/../Frameworks";
				MACOSX_DEPLOYMENT_TARGET = 14.2;
				MARKETING_VERSION = 1.0;
				PRODUCT_BUNDLE_IDENTIFIER = com.dssystems.app.Pokedex;
				PRODUCT_NAME = "$(TARGET_NAME)";
				SDKROOT = auto;
				SUPPORTED_PLATFORMS = "iphoneos iphonesimulator macosx xros xrsimulator";
				SUPPORTS_MACCATALYST = NO;
				SWIFT_EMIT_LOC_STRINGS = YES;
				SWIFT_VERSION = 5.0;
				TARGETED_DEVICE_FAMILY = "1,2,7";
			};
			name = Release;
		};
		3B1C8BCD2B6EF7E900890762 /* Debug */ = {
			isa = XCBuildConfiguration;
			buildSettings = {
				ALWAYS_EMBED_SWIFT_STANDARD_LIBRARIES = YES;
				BUNDLE_LOADER = "$(TEST_HOST)";
				CODE_SIGN_STYLE = Automatic;
				CURRENT_PROJECT_VERSION = 1;
				DEVELOPMENT_TEAM = CNKGXNUW6K;
				GENERATE_INFOPLIST_FILE = YES;
				IPHONEOS_DEPLOYMENT_TARGET = 17.2;
				MACOSX_DEPLOYMENT_TARGET = 14.2;
				MARKETING_VERSION = 1.0;
				PRODUCT_BUNDLE_IDENTIFIER = com.dssystems.app.PokedexTests;
				PRODUCT_NAME = "$(TARGET_NAME)";
				SDKROOT = auto;
				SUPPORTED_PLATFORMS = "iphoneos iphonesimulator macosx";
				SWIFT_EMIT_LOC_STRINGS = NO;
				SWIFT_VERSION = 5.0;
				TARGETED_DEVICE_FAMILY = "1,2";
				TEST_HOST = "$(BUILT_PRODUCTS_DIR)/Pokedex.app/$(BUNDLE_EXECUTABLE_FOLDER_PATH)/Pokedex";
			};
			name = Debug;
		};
		3B1C8BCE2B6EF7E900890762 /* Release */ = {
			isa = XCBuildConfiguration;
			buildSettings = {
				ALWAYS_EMBED_SWIFT_STANDARD_LIBRARIES = YES;
				BUNDLE_LOADER = "$(TEST_HOST)";
				CODE_SIGN_STYLE = Automatic;
				CURRENT_PROJECT_VERSION = 1;
				DEVELOPMENT_TEAM = CNKGXNUW6K;
				GENERATE_INFOPLIST_FILE = YES;
				IPHONEOS_DEPLOYMENT_TARGET = 17.2;
				MACOSX_DEPLOYMENT_TARGET = 14.2;
				MARKETING_VERSION = 1.0;
				PRODUCT_BUNDLE_IDENTIFIER = com.dssystems.app.PokedexTests;
				PRODUCT_NAME = "$(TARGET_NAME)";
				SDKROOT = auto;
				SUPPORTED_PLATFORMS = "iphoneos iphonesimulator macosx";
				SWIFT_EMIT_LOC_STRINGS = NO;
				SWIFT_VERSION = 5.0;
				TARGETED_DEVICE_FAMILY = "1,2";
				TEST_HOST = "$(BUILT_PRODUCTS_DIR)/Pokedex.app/$(BUNDLE_EXECUTABLE_FOLDER_PATH)/Pokedex";
			};
			name = Release;
		};
		3B1C8BD02B6EF7E900890762 /* Debug */ = {
			isa = XCBuildConfiguration;
			buildSettings = {
				ALWAYS_EMBED_SWIFT_STANDARD_LIBRARIES = YES;
				CODE_SIGN_STYLE = Automatic;
				CURRENT_PROJECT_VERSION = 1;
				DEVELOPMENT_TEAM = CNKGXNUW6K;
				GENERATE_INFOPLIST_FILE = YES;
				IPHONEOS_DEPLOYMENT_TARGET = 17.2;
				MACOSX_DEPLOYMENT_TARGET = 14.2;
				MARKETING_VERSION = 1.0;
				PRODUCT_BUNDLE_IDENTIFIER = com.dssystems.app.PokedexUITests;
				PRODUCT_NAME = "$(TARGET_NAME)";
				SDKROOT = auto;
				SUPPORTED_PLATFORMS = "iphoneos iphonesimulator macosx";
				SWIFT_EMIT_LOC_STRINGS = NO;
				SWIFT_VERSION = 5.0;
				TARGETED_DEVICE_FAMILY = "1,2";
				TEST_TARGET_NAME = Pokedex;
			};
			name = Debug;
		};
		3B1C8BD12B6EF7E900890762 /* Release */ = {
			isa = XCBuildConfiguration;
			buildSettings = {
				ALWAYS_EMBED_SWIFT_STANDARD_LIBRARIES = YES;
				CODE_SIGN_STYLE = Automatic;
				CURRENT_PROJECT_VERSION = 1;
				DEVELOPMENT_TEAM = CNKGXNUW6K;
				GENERATE_INFOPLIST_FILE = YES;
				IPHONEOS_DEPLOYMENT_TARGET = 17.2;
				MACOSX_DEPLOYMENT_TARGET = 14.2;
				MARKETING_VERSION = 1.0;
				PRODUCT_BUNDLE_IDENTIFIER = com.dssystems.app.PokedexUITests;
				PRODUCT_NAME = "$(TARGET_NAME)";
				SDKROOT = auto;
				SUPPORTED_PLATFORMS = "iphoneos iphonesimulator macosx";
				SWIFT_EMIT_LOC_STRINGS = NO;
				SWIFT_VERSION = 5.0;
				TARGETED_DEVICE_FAMILY = "1,2";
				TEST_TARGET_NAME = Pokedex;
			};
			name = Release;
		};
/* End XCBuildConfiguration section */

/* Begin XCConfigurationList section */
		3B1C8B9A2B6EF7E700890762 /* Build configuration list for PBXProject "Pokedex" */ = {
			isa = XCConfigurationList;
			buildConfigurations = (
				3B1C8BC72B6EF7E900890762 /* Debug */,
				3B1C8BC82B6EF7E900890762 /* Release */,
			);
			defaultConfigurationIsVisible = 0;
			defaultConfigurationName = Release;
		};
		3B1C8BC92B6EF7E900890762 /* Build configuration list for PBXNativeTarget "Pokedex" */ = {
			isa = XCConfigurationList;
			buildConfigurations = (
				3B1C8BCA2B6EF7E900890762 /* Debug */,
				3B1C8BCB2B6EF7E900890762 /* Release */,
			);
			defaultConfigurationIsVisible = 0;
			defaultConfigurationName = Release;
		};
		3B1C8BCC2B6EF7E900890762 /* Build configuration list for PBXNativeTarget "PokedexTests" */ = {
			isa = XCConfigurationList;
			buildConfigurations = (
				3B1C8BCD2B6EF7E900890762 /* Debug */,
				3B1C8BCE2B6EF7E900890762 /* Release */,
			);
			defaultConfigurationIsVisible = 0;
			defaultConfigurationName = Release;
		};
		3B1C8BCF2B6EF7E900890762 /* Build configuration list for PBXNativeTarget "PokedexUITests" */ = {
			isa = XCConfigurationList;
			buildConfigurations = (
				3B1C8BD02B6EF7E900890762 /* Debug */,
				3B1C8BD12B6EF7E900890762 /* Release */,
			);
			defaultConfigurationIsVisible = 0;
			defaultConfigurationName = Release;
		};
/* End XCConfigurationList section */

/* Begin XCVersionGroup section */
		3B1C8BA62B6EF7E700890762 /* Pokedex.xcdatamodeld */ = {
			isa = XCVersionGroup;
			children = (
				3B1C8BA72B6EF7E700890762 /* Pokedex.xcdatamodel */,
			);
			currentVersion = 3B1C8BA72B6EF7E700890762 /* Pokedex.xcdatamodel */;
			path = Pokedex.xcdatamodeld;
			sourceTree = "<group>";
			versionGroupType = wrapper.xcdatamodel;
		};
/* End XCVersionGroup section */
	};
	rootObject = 3B1C8B972B6EF7E700890762 /* Project object */;
}
